github.com/alexedwards/scs/v2 v2.9.0 h1:xa05mVpwTBm1iLeTMNFfAWpKUm4fXAW7CeAViqBVS90=
github.com/alexedwards/scs/v2 v2.9.0/go.mod h1:ToaROZxyKukJKT/xLcVQAChi5k6+Pn1Gvmdl7h3RRj8=
github.com/go-chi/chi v4.1.2+incompatible h1:fGFk2Gmi/YKXk0OmGfBh0WgmN3XB8lVnEyNz34tQRec=
github.com/go-chi/chi v4.1.2+incompatible/go.mod h1:eB3wogJHnLi3x/kFX2A+IbTBlXxmMeXJVKy9tTv1XzQ=
github.com/justinas/nosurf v1.1.1 h1:92Aw44hjSK4MxJeMSyDa7jwuI9GR2J/JCQiaKvXXSlk=
github.com/justinas/nosurf v1.1.1/go.mod h1:ALpWdSbuNGy2lZWtyXdjkYv4edL23oSEgfBT1gPJ5BQ=
golang.org/x/net v0.44.0 h1:evd8IRDyfNBMBTTY5XRF1vaZlD+EmWx6x8PkhR04H/I=
golang.org/x/net v0.44.0/go.mod h1:ECOoLqd5U3Lhyeyo/QDCEVQ4sNgYsqvCZ722XogGieY=
golang.org/x/text v0.29.0 h1:1neNs90w9YzJ9BocxfsQNHKuAT4pkghyXc4nhZ6sJvk=
golang.org/x/text v0.29.0/go.mod h1:7MhJOA9CD2qZyOKYazxdYMF85OwPdEr9jTtBpO7ydH4=
